
Microsoft Visual Studio Solution File, Format Version 12.00
# Visual Studio 15
VisualStudioVersion = 15.0.28010.2016
MinimumVisualStudioVersion = 10.0.40219.1
Project("{FAE04EC0-301F-11D3-BF4B-00C04F79EFBC}") = "program1", "program1\program1.csproj", "{B83A2BA3-B059-4D43-A5DF-F77CAD93477C}"
EndProject
Project("{FAE04EC0-301F-11D3-BF4B-00C04F79EFBC}") = "program2", "program2\program2.csproj", "{42E25427-55FC-4698-9F18-0CC7E70C2F30}"
EndProject
Global
	GlobalSection(SolutionConfigurationPlatforms) = preSolution
		Debug|Any CPU = Debug|Any CPU
		Release|Any CPU = Release|Any CPU
	EndGlobalSection
	GlobalSection(ProjectConfigurationPlatforms) = postSolution
		{B83A2BA3-B059-4D43-A5DF-F77CAD93477C}.Debug|Any CPU.ActiveCfg = Debug|Any CPU
		{B83A2BA3-B059-4D43-A5DF-F77CAD93477C}.Debug|Any CPU.Build.0 = Debug|Any CPU
		{B83A2BA3-B059-4D43-A5DF-F77CAD93477C}.Release|Any CPU.ActiveCfg = Release|Any CPU
		{B83A2BA3-B059-4D43-A5DF-F77CAD93477C}.Release|Any CPU.Build.0 = Release|Any CPU
		{42E25427-55FC-4698-9F18-0CC7E70C2F30}.Debug|Any CPU.ActiveCfg = Debug|Any CPU
		{42E25427-55FC-4698-9F18-0CC7E70C2F30}.Debug|Any CPU.Build.0 = Debug|Any CPU
		{42E25427-55FC-4698-9F18-0CC7E70C2F30}.Release|Any CPU.ActiveCfg = Release|Any CPU
		{42E25427-55FC-4698-9F18-0CC7E70C2F30}.Release|Any CPU.Build.0 = Release|Any CPU
	EndGlobalSection
	GlobalSection(SolutionProperties) = preSolution
		HideSolutionNode = FALSE
	EndGlobalSection
	GlobalSection(ExtensibilityGlobals) = postSolution
		SolutionGuid = {F99C4EC4-3504-42DB-A364-FA90356CB7C4}
	EndGlobalSection
EndGlobal
